// !$*UTF8*$!
{
	archiveVersion = 1;
	classes = {
	};
	objectVersion = 55;
	objects = {

/* Begin PBXBuildFile section */
		8924B6B427A9AD2A003313F7 /* GRUD_genshinApp.swift in Sources */ = {isa = PBXBuildFile; fileRef = 8924B6B327A9AD2A003313F7 /* GRUD_genshinApp.swift */; };
		8924B6B627A9AD2A003313F7 /* ContentView.swift in Sources */ = {isa = PBXBuildFile; fileRef = 8924B6B527A9AD2A003313F7 /* ContentView.swift */; };
		8924B6B827A9AD35003313F7 /* Assets.xcassets in Resources */ = {isa = PBXBuildFile; fileRef = 8924B6B727A9AD35003313F7 /* Assets.xcassets */; };
		8924B6BB27A9AD35003313F7 /* Preview Assets.xcassets in Resources */ = {isa = PBXBuildFile; fileRef = 8924B6BA27A9AD35003313F7 /* Preview Assets.xcassets */; };
		8924B6BD27A9AD35003313F7 /* Persistence.swift in Sources */ = {isa = PBXBuildFile; fileRef = 8924B6BC27A9AD35003313F7 /* Persistence.swift */; };
		8924B6CC27A9BFAC003313F7 /* CRUD_genshin.xcdatamodeld in Sources */ = {isa = PBXBuildFile; fileRef = 8924B6CA27A9BFAC003313F7 /* CRUD_genshin.xcdatamodeld */; };
		8924B6CE27AA3D78003313F7 /* ContenViewModel.swift in Sources */ = {isa = PBXBuildFile; fileRef = 8924B6CD27AA3D78003313F7 /* ContenViewModel.swift */; };
		8924B6D327AA3E3B003313F7 /* GenshinCharacterModel.swift in Sources */ = {isa = PBXBuildFile; fileRef = 8924B6D227AA3E3B003313F7 /* GenshinCharacterModel.swift */; };
		8924B6D627AA3F9D003313F7 /* AddView.swift in Sources */ = {isa = PBXBuildFile; fileRef = 8924B6D527AA3F9D003313F7 /* AddView.swift */; };
		8924B6D827AA41A6003313F7 /* AddViewModel.swift in Sources */ = {isa = PBXBuildFile; fileRef = 8924B6D727AA41A6003313F7 /* AddViewModel.swift */; };
		8924B6DB27AA48BA003313F7 /* GenshinCharacter+CoreDataClass.swift in Sources */ = {isa = PBXBuildFile; fileRef = 8924B6D927AA48BA003313F7 /* GenshinCharacter+CoreDataClass.swift */; };
		8924B6DC27AA48BA003313F7 /* GenshinCharacter+CoreDataProperties.swift in Sources */ = {isa = PBXBuildFile; fileRef = 8924B6DA27AA48BA003313F7 /* GenshinCharacter+CoreDataProperties.swift */; };
		8924B6DF27AA571E003313F7 /* SupportExtensions.swift in Sources */ = {isa = PBXBuildFile; fileRef = 8924B6DE27AA571E003313F7 /* SupportExtensions.swift */; };
		8924B6E327AA925C003313F7 /* DetailView.swift in Sources */ = {isa = PBXBuildFile; fileRef = 8924B6E227AA925C003313F7 /* DetailView.swift */; };
		8924B6E527AA929D003313F7 /* DetailViewModel.swift in Sources */ = {isa = PBXBuildFile; fileRef = 8924B6E427AA929D003313F7 /* DetailViewModel.swift */; };
/* End PBXBuildFile section */

/* Begin PBXFileReference section */
		8924B6B027A9AD2A003313F7 /* GRUD_genshin.app */ = {isa = PBXFileReference; explicitFileType = wrapper.application; includeInIndex = 0; path = GRUD_genshin.app; sourceTree = BUILT_PRODUCTS_DIR; };
		8924B6B327A9AD2A003313F7 /* GRUD_genshinApp.swift */ = {isa = PBXFileReference; lastKnownFileType = sourcecode.swift; path = GRUD_genshinApp.swift; sourceTree = "<group>"; };
		8924B6B527A9AD2A003313F7 /* ContentView.swift */ = {isa = PBXFileReference; lastKnownFileType = sourcecode.swift; path = ContentView.swift; sourceTree = "<group>"; };
		8924B6B727A9AD35003313F7 /* Assets.xcassets */ = {isa = PBXFileReference; lastKnownFileType = folder.assetcatalog; path = Assets.xcassets; sourceTree = "<group>"; };
		8924B6BA27A9AD35003313F7 /* Preview Assets.xcassets */ = {isa = PBXFileReference; lastKnownFileType = folder.assetcatalog; path = "Preview Assets.xcassets"; sourceTree = "<group>"; };
		8924B6BC27A9AD35003313F7 /* Persistence.swift */ = {isa = PBXFileReference; lastKnownFileType = sourcecode.swift; path = Persistence.swift; sourceTree = "<group>"; };
		8924B6CB27A9BFAC003313F7 /* CRUD_genshin.xcdatamodel */ = {isa = PBXFileReference; lastKnownFileType = wrapper.xcdatamodel; path = CRUD_genshin.xcdatamodel; sourceTree = "<group>"; };
		8924B6CD27AA3D78003313F7 /* ContenViewModel.swift */ = {isa = PBXFileReference; lastKnownFileType = sourcecode.swift; path = ContenViewModel.swift; sourceTree = "<group>"; };
		8924B6D227AA3E3B003313F7 /* GenshinCharacterModel.swift */ = {isa = PBXFileReference; lastKnownFileType = sourcecode.swift; path = GenshinCharacterModel.swift; sourceTree = "<group>"; };
		8924B6D527AA3F9D003313F7 /* AddView.swift */ = {isa = PBXFileReference; lastKnownFileType = sourcecode.swift; path = AddView.swift; sourceTree = "<group>"; };
		8924B6D727AA41A6003313F7 /* AddViewModel.swift */ = {isa = PBXFileReference; lastKnownFileType = sourcecode.swift; path = AddViewModel.swift; sourceTree = "<group>"; };
		8924B6D927AA48BA003313F7 /* GenshinCharacter+CoreDataClass.swift */ = {isa = PBXFileReference; lastKnownFileType = sourcecode.swift; path = "GenshinCharacter+CoreDataClass.swift"; sourceTree = "<group>"; };
		8924B6DA27AA48BA003313F7 /* GenshinCharacter+CoreDataProperties.swift */ = {isa = PBXFileReference; lastKnownFileType = sourcecode.swift; path = "GenshinCharacter+CoreDataProperties.swift"; sourceTree = "<group>"; };
		8924B6DE27AA571E003313F7 /* SupportExtensions.swift */ = {isa = PBXFileReference; lastKnownFileType = sourcecode.swift; path = SupportExtensions.swift; sourceTree = "<group>"; };
		8924B6E227AA925C003313F7 /* DetailView.swift */ = {isa = PBXFileReference; lastKnownFileType = sourcecode.swift; path = DetailView.swift; sourceTree = "<group>"; };
		8924B6E427AA929D003313F7 /* DetailViewModel.swift */ = {isa = PBXFileReference; lastKnownFileType = sourcecode.swift; path = DetailViewModel.swift; sourceTree = "<group>"; };
/* End PBXFileReference section */

/* Begin PBXFrameworksBuildPhase section */
		8924B6AD27A9AD2A003313F7 /* Frameworks */ = {
			isa = PBXFrameworksBuildPhase;
			buildActionMask = 2147483647;
			files = (
			);
			runOnlyForDeploymentPostprocessing = 0;
		};
/* End PBXFrameworksBuildPhase section */

/* Begin PBXGroup section */
		8924B6A727A9AD2A003313F7 = {
			isa = PBXGroup;
			children = (
				8924B6B227A9AD2A003313F7 /* GRUD_genshin */,
				8924B6B127A9AD2A003313F7 /* Products */,
			);
			sourceTree = "<group>";
		};
		8924B6B127A9AD2A003313F7 /* Products */ = {
			isa = PBXGroup;
			children = (
				8924B6B027A9AD2A003313F7 /* GRUD_genshin.app */,
			);
			name = Products;
			sourceTree = "<group>";
		};
		8924B6B227A9AD2A003313F7 /* GRUD_genshin */ = {
			isa = PBXGroup;
			children = (
				8924B6D127AA3DE7003313F7 /* CoreData */,
				8924B6D427AA3EFE003313F7 /* Model */,
				8924B6CF27AA3DCB003313F7 /* View */,
				8924B6D027AA3DD2003313F7 /* ViewModel */,
				8924B6B327A9AD2A003313F7 /* GRUD_genshinApp.swift */,
				8924B6B727A9AD35003313F7 /* Assets.xcassets */,
				8924B6B927A9AD35003313F7 /* Preview Content */,
			);
			path = GRUD_genshin;
			sourceTree = "<group>";
		};
		8924B6B927A9AD35003313F7 /* Preview Content */ = {
			isa = PBXGroup;
			children = (
				8924B6BA27A9AD35003313F7 /* Preview Assets.xcassets */,
			);
			path = "Preview Content";
			sourceTree = "<group>";
		};
		8924B6CF27AA3DCB003313F7 /* View */ = {
			isa = PBXGroup;
			children = (
				8924B6B527A9AD2A003313F7 /* ContentView.swift */,
				8924B6E227AA925C003313F7 /* DetailView.swift */,
				8924B6D527AA3F9D003313F7 /* AddView.swift */,
			);
			path = View;
			sourceTree = "<group>";
		};
		8924B6D027AA3DD2003313F7 /* ViewModel */ = {
			isa = PBXGroup;
			children = (
				8924B6CD27AA3D78003313F7 /* ContenViewModel.swift */,
				8924B6D727AA41A6003313F7 /* AddViewModel.swift */,
				8924B6E427AA929D003313F7 /* DetailViewModel.swift */,
			);
			path = ViewModel;
			sourceTree = "<group>";
		};
		8924B6D127AA3DE7003313F7 /* CoreData */ = {
			isa = PBXGroup;
			children = (
				8924B6CA27A9BFAC003313F7 /* CRUD_genshin.xcdatamodeld */,
				8924B6D927AA48BA003313F7 /* GenshinCharacter+CoreDataClass.swift */,
				8924B6DA27AA48BA003313F7 /* GenshinCharacter+CoreDataProperties.swift */,
				8924B6BC27A9AD35003313F7 /* Persistence.swift */,
			);
			path = CoreData;
			sourceTree = "<group>";
		};
		8924B6D427AA3EFE003313F7 /* Model */ = {
			isa = PBXGroup;
			children = (
				8924B6D227AA3E3B003313F7 /* GenshinCharacterModel.swift */,
				8924B6DE27AA571E003313F7 /* SupportExtensions.swift */,
			);
			path = Model;
			sourceTree = "<group>";
		};
/* End PBXGroup section */

/* Begin PBXNativeTarget section */
		8924B6AF27A9AD2A003313F7 /* GRUD_genshin */ = {
			isa = PBXNativeTarget;
			buildConfigurationList = 8924B6C327A9AD35003313F7 /* Build configuration list for PBXNativeTarget "GRUD_genshin" */;
			buildPhases = (
				8924B6AC27A9AD2A003313F7 /* Sources */,
				8924B6AD27A9AD2A003313F7 /* Frameworks */,
				8924B6AE27A9AD2A003313F7 /* Resources */,
			);
			buildRules = (
			);
			dependencies = (
			);
			name = GRUD_genshin;
			productName = GRUD_genshin;
			productReference = 8924B6B027A9AD2A003313F7 /* GRUD_genshin.app */;
			productType = "com.apple.product-type.application";
		};
/* End PBXNativeTarget section */

/* Begin PBXProject section */
		8924B6A827A9AD2A003313F7 /* Project object */ = {
			isa = PBXProject;
			attributes = {
				BuildIndependentTargetsInParallel = 1;
				LastSwiftUpdateCheck = 1310;
				LastUpgradeCheck = 1310;
				TargetAttributes = {
					8924B6AF27A9AD2A003313F7 = {
						CreatedOnToolsVersion = 13.1;
					};
				};
			};
			buildConfigurationList = 8924B6AB27A9AD2A003313F7 /* Build configuration list for PBXProject "GRUD_genshin" */;
			compatibilityVersion = "Xcode 13.0";
			developmentRegion = en;
			hasScannedForEncodings = 0;
			knownRegions = (
				en,
				Base,
			);
			mainGroup = 8924B6A727A9AD2A003313F7;
			productRefGroup = 8924B6B127A9AD2A003313F7 /* Products */;
			projectDirPath = "";
			projectRoot = "";
			targets = (
				8924B6AF27A9AD2A003313F7 /* GRUD_genshin */,
			);
		};
/* End PBXProject section */

/* Begin PBXResourcesBuildPhase section */
		8924B6AE27A9AD2A003313F7 /* Resources */ = {
			isa = PBXResourcesBuildPhase;
			buildActionMask = 2147483647;
			files = (
				8924B6BB27A9AD35003313F7 /* Preview Assets.xcassets in Resources */,
				8924B6B827A9AD35003313F7 /* Assets.xcassets in Resources */,
			);
			runOnlyForDeploymentPostprocessing = 0;
		};
/* End PBXResourcesBuildPhase section */

/* Begin PBXSourcesBuildPhase section */
		8924B6AC27A9AD2A003313F7 /* Sources */ = {
			isa = PBXSourcesBuildPhase;
			buildActionMask = 2147483647;
			files = (
				8924B6DC27AA48BA003313F7 /* GenshinCharacter+CoreDataProperties.swift in Sources */,
				8924B6D627AA3F9D003313F7 /* AddView.swift in Sources */,
				8924B6CE27AA3D78003313F7 /* ContenViewModel.swift in Sources */,
				8924B6D827AA41A6003313F7 /* AddViewModel.swift in Sources */,
				8924B6BD27A9AD35003313F7 /* Persistence.swift in Sources */,
				8924B6B627A9AD2A003313F7 /* ContentView.swift in Sources */,
				8924B6B427A9AD2A003313F7 /* GRUD_genshinApp.swift in Sources */,
				8924B6D327AA3E3B003313F7 /* GenshinCharacterModel.swift in Sources */,
				8924B6E327AA925C003313F7 /* DetailView.swift in Sources */,
				8924B6E527AA929D003313F7 /* DetailViewModel.swift in Sources */,
				8924B6DB27AA48BA003313F7 /* GenshinCharacter+CoreDataClass.swift in Sources */,
				8924B6CC27A9BFAC003313F7 /* CRUD_genshin.xcdatamodeld in Sources */,
				8924B6DF27AA571E003313F7 /* SupportExtensions.swift in Sources */,
			);
			runOnlyForDeploymentPostprocessing = 0;
		};
/* End PBXSourcesBuildPhase section */

/* Begin XCBuildConfiguration section */
		8924B6C127A9AD35003313F7 /* Debug */ = {
			isa = XCBuildConfiguration;
			buildSettings = {
				ALWAYS_SEARCH_USER_PATHS = NO;
				CLANG_ANALYZER_NONNULL = YES;
				CLANG_ANALYZER_NUMBER_OBJECT_CONVERSION = YES_AGGRESSIVE;
				CLANG_CXX_LANGUAGE_STANDARD = "gnu++17";
				CLANG_CXX_LIBRARY = "libc++";
				CLANG_ENABLE_MODULES = YES;
				CLANG_ENABLE_OBJC_ARC = YES;
				CLANG_ENABLE_OBJC_WEAK = YES;
				CLANG_WARN_BLOCK_CAPTURE_AUTORELEASING = YES;
				CLANG_WARN_BOOL_CONVERSION = YES;
				CLANG_WARN_COMMA = YES;
				CLANG_WARN_CONSTANT_CONVERSION = YES;
				CLANG_WARN_DEPRECATED_OBJC_IMPLEMENTATIONS = YES;
				CLANG_WARN_DIRECT_OBJC_ISA_USAGE = YES_ERROR;
				CLANG_WARN_DOCUMENTATION_COMMENTS = YES;
				CLANG_WARN_EMPTY_BODY = YES;
				CLANG_WARN_ENUM_CONVERSION = YES;
				CLANG_WARN_INFINITE_RECURSION = YES;
				CLANG_WARN_INT_CONVERSION = YES;
				CLANG_WARN_NON_LITERAL_NULL_CONVERSION = YES;
				CLANG_WARN_OBJC_IMPLICIT_RETAIN_SELF = YES;
				CLANG_WARN_OBJC_LITERAL_CONVERSION = YES;
				CLANG_WARN_OBJC_ROOT_CLASS = YES_ERROR;
				CLANG_WARN_QUOTED_INCLUDE_IN_FRAMEWORK_HEADER = YES;
				CLANG_WARN_RANGE_LOOP_ANALYSIS = YES;
				CLANG_WARN_STRICT_PROTOTYPES = YES;
				CLANG_WARN_SUSPICIOUS_MOVE = YES;
				CLANG_WARN_UNGUARDED_AVAILABILITY = YES_AGGRESSIVE;
				CLANG_WARN_UNREACHABLE_CODE = YES;
				CLANG_WARN__DUPLICATE_METHOD_MATCH = YES;
				COPY_PHASE_STRIP = NO;
				DEBUG_INFORMATION_FORMAT = dwarf;
				ENABLE_STRICT_OBJC_MSGSEND = YES;
				ENABLE_TESTABILITY = YES;
				GCC_C_LANGUAGE_STANDARD = gnu11;
				GCC_DYNAMIC_NO_PIC = NO;
				GCC_NO_COMMON_BLOCKS = YES;
				GCC_OPTIMIZATION_LEVEL = 0;
				GCC_PREPROCESSOR_DEFINITIONS = (
					"DEBUG=1",
					"$(inherited)",
				);
				GCC_WARN_64_TO_32_BIT_CONVERSION = YES;
				GCC_WARN_ABOUT_RETURN_TYPE = YES_ERROR;
				GCC_WARN_UNDECLARED_SELECTOR = YES;
				GCC_WARN_UNINITIALIZED_AUTOS = YES_AGGRESSIVE;
				GCC_WARN_UNUSED_FUNCTION = YES;
				GCC_WARN_UNUSED_VARIABLE = YES;
				IPHONEOS_DEPLOYMENT_TARGET = 15.0;
				MTL_ENABLE_DEBUG_INFO = INCLUDE_SOURCE;
				MTL_FAST_MATH = YES;
				ONLY_ACTIVE_ARCH = YES;
				SDKROOT = iphoneos;
				SWIFT_ACTIVE_COMPILATION_CONDITIONS = DEBUG;
				SWIFT_OPTIMIZATION_LEVEL = "-Onone";
			};
			name = Debug;
		};
		8924B6C227A9AD35003313F7 /* Release */ = {
			isa = XCBuildConfiguration;
			buildSettings = {
				ALWAYS_SEARCH_USER_PATHS = NO;
				CLANG_ANALYZER_NONNULL = YES;
				CLANG_ANALYZER_NUMBER_OBJECT_CONVERSION = YES_AGGRESSIVE;
				CLANG_CXX_LANGUAGE_STANDARD = "gnu++17";
				CLANG_CXX_LIBRARY = "libc++";
				CLANG_ENABLE_MODULES = YES;
				CLANG_ENABLE_OBJC_ARC = YES;
				CLANG_ENABLE_OBJC_WEAK = YES;
				CLANG_WARN_BLOCK_CAPTURE_AUTORELEASING = YES;
				CLANG_WARN_BOOL_CONVERSION = YES;
				CLANG_WARN_COMMA = YES;
				CLANG_WARN_CONSTANT_CONVERSION = YES;
				CLANG_WARN_DEPRECATED_OBJC_IMPLEMENTATIONS = YES;
				CLANG_WARN_DIRECT_OBJC_ISA_USAGE = YES_ERROR;
				CLANG_WARN_DOCUMENTATION_COMMENTS = YES;
				CLANG_WARN_EMPTY_BODY = YES;
				CLANG_WARN_ENUM_CONVERSION = YES;
				CLANG_WARN_INFINITE_RECURSION = YES;
				CLANG_WARN_INT_CONVERSION = YES;
				CLANG_WARN_NON_LITERAL_NULL_CONVERSION = YES;
				CLANG_WARN_OBJC_IMPLICIT_RETAIN_SELF = YES;
				CLANG_WARN_OBJC_LITERAL_CONVERSION = YES;
				CLANG_WARN_OBJC_ROOT_CLASS = YES_ERROR;
				CLANG_WARN_QUOTED_INCLUDE_IN_FRAMEWORK_HEADER = YES;
				CLANG_WARN_RANGE_LOOP_ANALYSIS = YES;
				CLANG_WARN_STRICT_PROTOTYPES = YES;
				CLANG_WARN_SUSPICIOUS_MOVE = YES;
				CLANG_WARN_UNGUARDED_AVAILABILITY = YES_AGGRESSIVE;
				CLANG_WARN_UNREACHABLE_CODE = YES;
				CLANG_WARN__DUPLICATE_METHOD_MATCH = YES;
				COPY_PHASE_STRIP = NO;
				DEBUG_INFORMATION_FORMAT = "dwarf-with-dsym";
				ENABLE_NS_ASSERTIONS = NO;
				ENABLE_STRICT_OBJC_MSGSEND = YES;
				GCC_C_LANGUAGE_STANDARD = gnu11;
				GCC_NO_COMMON_BLOCKS = YES;
				GCC_WARN_64_TO_32_BIT_CONVERSION = YES;
				GCC_WARN_ABOUT_RETURN_TYPE = YES_ERROR;
				GCC_WARN_UNDECLARED_SELECTOR = YES;
				GCC_WARN_UNINITIALIZED_AUTOS = YES_AGGRESSIVE;
				GCC_WARN_UNUSED_FUNCTION = YES;
				GCC_WARN_UNUSED_VARIABLE = YES;
				IPHONEOS_DEPLOYMENT_TARGET = 15.0;
				MTL_ENABLE_DEBUG_INFO = NO;
				MTL_FAST_MATH = YES;
				SDKROOT = iphoneos;
				SWIFT_COMPILATION_MODE = wholemodule;
				SWIFT_OPTIMIZATION_LEVEL = "-O";
				VALIDATE_PRODUCT = YES;
			};
			name = Release;
		};
		8924B6C427A9AD35003313F7 /* Debug */ = {
			isa = XCBuildConfiguration;
			buildSettings = {
				ASSETCATALOG_COMPILER_APPICON_NAME = AppIcon;
				ASSETCATALOG_COMPILER_GLOBAL_ACCENT_COLOR_NAME = AccentColor;
				CODE_SIGN_STYLE = Automatic;
				CURRENT_PROJECT_VERSION = 1;
				DEVELOPMENT_ASSET_PATHS = "\"GRUD_genshin/Preview Content\"";
				ENABLE_PREVIEWS = YES;
				GENERATE_INFOPLIST_FILE = YES;
				INFOPLIST_KEY_UIApplicationSceneManifest_Generation = YES;
				INFOPLIST_KEY_UIApplicationSupportsIndirectInputEvents = YES;
				INFOPLIST_KEY_UILaunchScreen_Generation = YES;
				INFOPLIST_KEY_UISupportedInterfaceOrientations_iPad = "UIInterfaceOrientationPortrait UIInterfaceOrientationPortraitUpsideDown UIInterfaceOrientationLandscapeLeft UIInterfaceOrientationLandscapeRight";
				INFOPLIST_KEY_UISupportedInterfaceOrientations_iPhone = "UIInterfaceOrientationPortrait UIInterfaceOrientationLandscapeLeft UIInterfaceOrientationLandscapeRight";
				LD_RUNPATH_SEARCH_PATHS = (
					"$(inherited)",
					"@executable_path/Frameworks",
				);
				MARKETING_VERSION = 1.0;
				PRODUCT_BUNDLE_IDENTIFIER = "vainikkaxd.GRUD-genshin";
				PRODUCT_NAME = "$(TARGET_NAME)";
				SWIFT_EMIT_LOC_STRINGS = YES;
				SWIFT_VERSION = 5.0;
				TARGETED_DEVICE_FAMILY = "1,2";
			};
			name = Debug;
		};
		8924B6C527A9AD35003313F7 /* Release */ = {
			isa = XCBuildConfiguration;
			buildSettings = {
				ASSETCATALOG_COMPILER_APPICON_NAME = AppIcon;
				ASSETCATALOG_COMPILER_GLOBAL_ACCENT_COLOR_NAME = AccentColor;
				CODE_SIGN_STYLE = Automatic;
				CURRENT_PROJECT_VERSION = 1;
				DEVELOPMENT_ASSET_PATHS = "\"GRUD_genshin/Preview Content\"";
				ENABLE_PREVIEWS = YES;
				GENERATE_INFOPLIST_FILE = YES;
				INFOPLIST_KEY_UIApplicationSceneManifest_Generation = YES;
				INFOPLIST_KEY_UIApplicationSupportsIndirectInputEvents = YES;
				INFOPLIST_KEY_UILaunchScreen_Generation = YES;
				INFOPLIST_KEY_UISupportedInterfaceOrientations_iPad = "UIInterfaceOrientationPortrait UIInterfaceOrientationPortraitUpsideDown UIInterfaceOrientationLandscapeLeft UIInterfaceOrientationLandscapeRight";
				INFOPLIST_KEY_UISupportedInterfaceOrientations_iPhone = "UIInterfaceOrientationPortrait UIInterfaceOrientationLandscapeLeft UIInterfaceOrientationLandscapeRight";
				LD_RUNPATH_SEARCH_PATHS = (
					"$(inherited)",
					"@executable_path/Frameworks",
				);
				MARKETING_VERSION = 1.0;
				PRODUCT_BUNDLE_IDENTIFIER = "vainikkaxd.GRUD-genshin";
				PRODUCT_NAME = "$(TARGET_NAME)";
				SWIFT_EMIT_LOC_STRINGS = YES;
				SWIFT_VERSION = 5.0;
				TARGETED_DEVICE_FAMILY = "1,2";
			};
			name = Release;
		};
/* End XCBuildConfiguration section */

/* Begin XCConfigurationList section */
		8924B6AB27A9AD2A003313F7 /* Build configuration list for PBXProject "GRUD_genshin" */ = {
			isa = XCConfigurationList;
			buildConfigurations = (
				8924B6C127A9AD35003313F7 /* Debug */,
				8924B6C227A9AD35003313F7 /* Release */,
			);
			defaultConfigurationIsVisible = 0;
			defaultConfigurationName = Release;
		};
		8924B6C327A9AD35003313F7 /* Build configuration list for PBXNativeTarget "GRUD_genshin" */ = {
			isa = XCConfigurationList;
			buildConfigurations = (
				8924B6C427A9AD35003313F7 /* Debug */,
				8924B6C527A9AD35003313F7 /* Release */,
			);
			defaultConfigurationIsVisible = 0;
			defaultConfigurationName = Release;
		};
/* End XCConfigurationList section */

/* Begin XCVersionGroup section */
		8924B6CA27A9BFAC003313F7 /* CRUD_genshin.xcdatamodeld */ = {
			isa = XCVersionGroup;
			children = (
				8924B6CB27A9BFAC003313F7 /* CRUD_genshin.xcdatamodel */,
			);
			currentVersion = 8924B6CB27A9BFAC003313F7 /* CRUD_genshin.xcdatamodel */;
			path = CRUD_genshin.xcdatamodeld;
			sourceTree = "<group>";
			versionGroupType = wrapper.xcdatamodel;
		};
/* End XCVersionGroup section */
	};
	rootObject = 8924B6A827A9AD2A003313F7 /* Project object */;
}
